Microsoft Visual Studio Solution File, Format Version 12.00
# Visual Studio Version 17
VisualStudioVersion = 17.5.2.0
MinimumVisualStudioVersion = 10.0.40219.1
Project("{FAE04EC0-301F-11D3-BF4B-00C04F79EFBC}") = "CS1", "CS1.csproj", "{26071592-033F-FC94-806F-80DE8536FAAD}"
EndProject
Global
	GlobalSection(SolutionConfigurationPlatforms) = preSolution
		Debug|Any CPU = Debug|Any CPU
		Release|Any CPU = Release|Any CPU
	EndGlobalSection
	GlobalSection(ProjectConfigurationPlatforms) = postSolution
		{26071592-033F-FC94-806F-80DE8536FAAD}.Debug|Any CPU.ActiveCfg = Debug|Any CPU
		{26071592-033F-FC94-806F-80DE8536FAAD}.Debug|Any CPU.Build.0 = Debug|Any CPU
		{26071592-033F-FC94-806F-80DE8536FAAD}.Release|Any CPU.ActiveCfg = Release|Any CPU
		{26071592-033F-FC94-806F-80DE8536FAAD}.Release|Any CPU.Build.0 = Release|Any CPU
	EndGlobalSection
	GlobalSection(SolutionProperties) = preSolution
		HideSolutionNode = FALSE
	EndGlobalSection
	GlobalSection(ExtensibilityGlobals) = postSolution
		SolutionGuid = {6C72C769-AD76-412C-97D7-35ED0639D736}
	EndGlobalSection
EndGlobal
